
Microsoft Visual Studio Solution File, Format Version 12.00
# Visual Studio Version 16
VisualStudioVersion = 16.0.31624.102
MinimumVisualStudioVersion = 10.0.40219.1
Project("{FAE04EC0-301F-11D3-BF4B-00C04F79EFBC}") = "SocketNative", "SocketNative.csproj", "{818BCA4C-14BD-4BFA-BF00-FC6973413620}"
EndProject
Global
	GlobalSection(SolutionConfigurationPlatforms) = preSolution
		Debug|Any CPU = Debug|Any CPU
		Release|Any CPU = Release|Any CPU
	EndGlobalSection
	GlobalSection(ProjectConfigurationPlatforms) = postSolution
		{818BCA4C-14BD-4BFA-BF00-FC6973413620}.Debug|Any CPU.ActiveCfg = Debug|Any CPU
		{818BCA4C-14BD-4BFA-BF00-FC6973413620}.Debug|Any CPU.Build.0 = Debug|Any CPU
		{818BCA4C-14BD-4BFA-BF00-FC6973413620}.Release|Any CPU.ActiveCfg = Release|Any CPU
		{818BCA4C-14BD-4BFA-BF00-FC6973413620}.Release|Any CPU.Build.0 = Release|Any CPU
	EndGlobalSection
	GlobalSection(SolutionProperties) = preSolution
		HideSolutionNode = FALSE
	EndGlobalSection
	GlobalSection(ExtensibilityGlobals) = postSolution
		SolutionGuid = {9F929A9A-3E7C-4296-A8A2-A2F2DC2C3BEC}
	EndGlobalSection
EndGlobal
